Microsoft Visual Studio Solution File, Format Version 12.00
# Visual Studio Version 17
VisualStudioVersion = 17.5.2.0
MinimumVisualStudioVersion = 10.0.40219.1
Project("{FAE04EC0-301F-11D3-BF4B-00C04F79EFBC}") = "BExIS.Modules.SMM.UI", "BExIS.Modules.SMM.UI\BExIS.Modules.SMM.UI.csproj", "{450D37DC-0315-A139-0052-762E4473E94D}"
EndProject
Global
	GlobalSection(SolutionConfigurationPlatforms) = preSolution
		Debug|Any CPU = Debug|Any CPU
		Release|Any CPU = Release|Any CPU
	EndGlobalSection
	GlobalSection(ProjectConfigurationPlatforms) = postSolution
		{450D37DC-0315-A139-0052-762E4473E94D}.Debug|Any CPU.ActiveCfg = Debug|Any CPU
		{450D37DC-0315-A139-0052-762E4473E94D}.Debug|Any CPU.Build.0 = Debug|Any CPU
		{450D37DC-0315-A139-0052-762E4473E94D}.Release|Any CPU.ActiveCfg = Release|Any CPU
		{450D37DC-0315-A139-0052-762E4473E94D}.Release|Any CPU.Build.0 = Release|Any CPU
	EndGlobalSection
	GlobalSection(SolutionProperties) = preSolution
		HideSolutionNode = FALSE
	EndGlobalSection
	GlobalSection(ExtensibilityGlobals) = postSolution
		SolutionGuid = {221CA3D0-FA00-4D3E-A0BF-04F9CB0F88B9}
	EndGlobalSection
EndGlobal
