
Microsoft Visual Studio Solution File, Format Version 12.00
# Visual Studio 2012
Project("{2150E333-8FDC-42A3-9474-1A3956D46DE8}") = "Console", "Console", "{A24A6801-2ECC-4F47-8284-8C93277D3030}"
EndProject
Project("{2150E333-8FDC-42A3-9474-1A3956D46DE8}") = "Search", "Search", "{BE741C5B-87FD-4726-90CC-A17D462E6183}"
EndProject
Project("{2150E333-8FDC-42A3-9474-1A3956D46DE8}") = "AAA", "AAA", "{946EB891-B5C8-4E03-B953-69583E886E57}"
EndProject
Project("{2150E333-8FDC-42A3-9474-1A3956D46DE8}") = "DLM", "DLM", "{DA678167-8931-43BA-940F-B5A3C90985BB}"
EndProject
Project("{2150E333-8FDC-42A3-9474-1A3956D46DE8}") = "Components", "Components", "{A753DD30-104E-48DB-A9D8-73C0DDE973E6}"
EndProject
Project("{2150E333-8FDC-42A3-9474-1A3956D46DE8}") = "Modules", "Modules", "{692AFF14-3A57-47D8-912F-093EC8F561C4}"
EndProject
Project("{FAE04EC0-301F-11D3-BF4B-00C04F79EFBC}") = "BExIS.Security.Entities", "Components\AAA\BExIS.Security.Entities\BExIS.Security.Entities.csproj", "{C230693B-D780-438B-B26C-82257642DD5C}"
EndProject
Project("{FAE04EC0-301F-11D3-BF4B-00C04F79EFBC}") = "BExIS.Security.Orm.NH", "Components\AAA\BExIS.Security.Orm.NH\BExIS.Security.Orm.NH.csproj", "{3D726430-CB41-4607-A615-CD48F510229B}"
EndProject
Project("{FAE04EC0-301F-11D3-BF4B-00C04F79EFBC}") = "BExIS.Security.Services", "Components\AAA\BExIS.Security.Services\BExIS.Security.Services.csproj", "{681C8BC4-55F0-4F43-A685-90E246A88CB1}"
EndProject
Project("{FAE04EC0-301F-11D3-BF4B-00C04F79EFBC}") = "BExIS.Dlm.Entities", "Components\DLM\BExIS.Dlm.Entities\BExIS.Dlm.Entities.csproj", "{B4E7B1BF-01B4-40AF-8D19-B8F362167261}"
EndProject
Project("{FAE04EC0-301F-11D3-BF4B-00C04F79EFBC}") = "BExIS.Dlm.Orm.NH", "Components\DLM\BExIS.Dlm.Orm.NH\BExIS.Dlm.Orm.NH.csproj", "{E234118C-1B89-493C-B17A-6990F6B98A9F}"
EndProject
Project("{FAE04EC0-301F-11D3-BF4B-00C04F79EFBC}") = "BExIS.Dlm.Services", "Components\DLM\BExIS.Dlm.Services\BExIS.Dlm.Services.csproj", "{C4CA0A99-0AF3-4372-A9B7-B9073599BD8B}"
EndProject
Project("{FAE04EC0-301F-11D3-BF4B-00C04F79EFBC}") = "BExIS.Web.Shell", "Console\BExIS.Web.Shell\BExIS.Web.Shell.csproj", "{E5128814-4541-45C8-A9E6-6C91A7E3D1E2}"
EndProject
Project("{FAE04EC0-301F-11D3-BF4B-00C04F79EFBC}") = "BExIS.Search.Api", "Modules\Search\BExIS.Search.Api\BExIS.Search.Api.csproj", "{8519EAC6-FBF8-48B3-813F-E0B9D3CC4A52}"
EndProject
Project("{FAE04EC0-301F-11D3-BF4B-00C04F79EFBC}") = "BExIS.Search.Model", "Modules\Search\BExIS.Search.Model\BExIS.Search.Model.csproj", "{AB46BEB8-C36D-412F-9B1A-646C86299A87}"
EndProject
Project("{FAE04EC0-301F-11D3-BF4B-00C04F79EFBC}") = "BExIS.Search.Providers.DummyProvider", "Modules\Search\BExIS.Search.Providers.DummyProvider\BExIS.Search.Providers.DummyProvider.csproj", "{D89E501A-4873-4883-8741-27F0ACD03E0B}"
EndProject
Project("{FAE04EC0-301F-11D3-BF4B-00C04F79EFBC}") = "BExIS.Search.Providers.LuceneProvider", "Modules\Search\BExIS.Search.Providers.LuceneProvider\BExIS.Search.Providers.LuceneProvider.csproj", "{FBE3101A-791A-4EAB-9B8F-F6E071F8DBDC}"
EndProject
Project("{2150E333-8FDC-42A3-9474-1A3956D46DE8}") = ".nuget", ".nuget", "{40AC90D2-82EA-46F8-A9E6-667632E349AE}"
	ProjectSection(SolutionItems) = preProject
		.nuget\NuGet.Config = .nuget\NuGet.Config
		.nuget\NuGet.exe = .nuget\NuGet.exe
		.nuget\NuGet.targets = .nuget\NuGet.targets
	EndProjectSection
EndProject
Project("{2150E333-8FDC-42A3-9474-1A3956D46DE8}") = "DCM", "DCM", "{6C18F986-A56C-4366-88A4-7046E8901929}"
EndProject
Project("{FAE04EC0-301F-11D3-BF4B-00C04F79EFBC}") = "BExIS.DCM.Transform.Input", "Modules\Collect\BExIS.Collect.Transform.Input\BExIS.DCM.Transform.Input.csproj", "{5C4C8570-A53B-4191-A414-DE028AAAF36A}"
EndProject
Project("{FAE04EC0-301F-11D3-BF4B-00C04F79EFBC}") = "BExIS.DCM.Transform.Validation", "Modules\Collect\BExIS.Collect.Transform.Validation\BExIS.DCM.Transform.Validation.csproj", "{C8A05313-B960-406E-92EC-C1E5B3F47FCD}"
EndProject
Project("{2150E333-8FDC-42A3-9474-1A3956D46DE8}") = "RPM", "RPM", "{3FECE534-E021-47D1-8ABA-05A238D20A83}"
EndProject
Project("{FAE04EC0-301F-11D3-BF4B-00C04F79EFBC}") = "BExIS.RPM.Model", "Modules\RPM\BExIS.RPM.Model\BExIS.RPM.Model.csproj", "{063B9E3F-E0DD-43FE-9910-5B1544B8B861}"
EndProject
Project("{FAE04EC0-301F-11D3-BF4B-00C04F79EFBC}") = "BExIS.RPM.Output", "Modules\RPM\BExIS.RPM.Output\BExIS.RPM.Output.csproj", "{ABC877E0-E3DE-4472-A199-1728E88FA5A1}"
EndProject
Project("{FAE04EC0-301F-11D3-BF4B-00C04F79EFBC}") = "BExIS.DCM.UploadWizard", "Modules\Collect\BExIS.DCM.UploadWizard\BExIS.DCM.UploadWizard.csproj", "{2C846721-A221-4AE5-A671-4B86DE4D3805}"
EndProject
Project("{2150E333-8FDC-42A3-9474-1A3956D46DE8}") = "EXT", "EXT", "{CD986786-CEA1-4C30-983E-169C33600BA6}"
EndProject
Project("{FAE04EC0-301F-11D3-BF4B-00C04F79EFBC}") = "BExIS.Ext.Services", "Components\EXT\BExIS.Ext.Services\BExIS.Ext.Services.csproj", "{B906A66A-4A09-4207-B590-655EE111CCF1}"
EndProject
Project("{FAE04EC0-301F-11D3-BF4B-00C04F79EFBC}") = "BExIS.DCM.Transform.Output", "Modules\Collect\BExIS.DCM.Transform.Output\BExIS.DCM.Transform.Output.csproj", "{455EC826-9A92-40FF-BD3B-388C288955CE}"
EndProject
Global
	GlobalSection(TeamFoundationVersionControl) = preSolution
		SccNumberOfProjects = 19
		SccEnterpriseProvider = {4CA58AB2-18FA-4F8D-95D4-32DDF27D184C}
		SccTeamFoundationServer = http://bexis2.vmguest.uni-jena.de:8080/tfs/bpp
		SccLocalPath0 = .
		SccProjectUniqueName1 = Components\\AAA\\BExIS.Security.Entities\\BExIS.Security.Entities.csproj
		SccProjectTopLevelParentUniqueName1 = BExIS++.sln
		SccProjectName1 = Components/AAA/BExIS.Security.Entities
		SccLocalPath1 = Components\\AAA\\BExIS.Security.Entities
		SccProjectUniqueName2 = Components\\AAA\\BExIS.Security.Orm.NH\\BExIS.Security.Orm.NH.csproj
		SccProjectTopLevelParentUniqueName2 = BExIS++.sln
		SccProjectName2 = Components/AAA/BExIS.Security.Orm.NH
		SccLocalPath2 = Components\\AAA\\BExIS.Security.Orm.NH
		SccProjectUniqueName3 = Components\\AAA\\BExIS.Security.Services\\BExIS.Security.Services.csproj
		SccProjectTopLevelParentUniqueName3 = BExIS++.sln
		SccProjectName3 = Components/AAA/BExIS.Security.Services
		SccLocalPath3 = Components\\AAA\\BExIS.Security.Services
		SccProjectUniqueName4 = Components\\DLM\\BExIS.Dlm.Entities\\BExIS.Dlm.Entities.csproj
		SccProjectTopLevelParentUniqueName4 = BExIS++.sln
		SccProjectName4 = Components/DLM/BExIS.Dlm.Entities
		SccLocalPath4 = Components\\DLM\\BExIS.Dlm.Entities
		SccProjectUniqueName5 = Components\\DLM\\BExIS.Dlm.Orm.NH\\BExIS.Dlm.Orm.NH.csproj
		SccProjectTopLevelParentUniqueName5 = BExIS++.sln
		SccProjectName5 = Components/DLM/BExIS.Dlm.Orm.NH
		SccLocalPath5 = Components\\DLM\\BExIS.Dlm.Orm.NH
		SccProjectUniqueName6 = Components\\DLM\\BExIS.Dlm.Services\\BExIS.Dlm.Services.csproj
		SccProjectTopLevelParentUniqueName6 = BExIS++.sln
		SccProjectName6 = Components/DLM/BExIS.Dlm.Services
		SccLocalPath6 = Components\\DLM\\BExIS.Dlm.Services
		SccProjectUniqueName7 = Console\\BExIS.Web.Shell\\BExIS.Web.Shell.csproj
		SccProjectTopLevelParentUniqueName7 = BExIS++.sln
		SccProjectName7 = Console/BExIS.Web.Shell
		SccLocalPath7 = Console\\BExIS.Web.Shell
		SccProjectUniqueName8 = Modules\\Search\\BExIS.Search.Api\\BExIS.Search.Api.csproj
		SccProjectTopLevelParentUniqueName8 = BExIS++.sln
		SccProjectName8 = Modules/Search/BExIS.Search.Api
		SccLocalPath8 = Modules\\Search\\BExIS.Search.Api
		SccProjectUniqueName9 = Modules\\Search\\BExIS.Search.Model\\BExIS.Search.Model.csproj
		SccProjectTopLevelParentUniqueName9 = BExIS++.sln
		SccProjectName9 = Modules/Search/BExIS.Search.Model
		SccLocalPath9 = Modules\\Search\\BExIS.Search.Model
		SccProjectUniqueName10 = Modules\\Search\\BExIS.Search.Providers.DummyProvider\\BExIS.Search.Providers.DummyProvider.csproj
		SccProjectTopLevelParentUniqueName10 = BExIS++.sln
		SccProjectName10 = Modules/Search/BExIS.Search.Providers.DummyProvider
		SccLocalPath10 = Modules\\Search\\BExIS.Search.Providers.DummyProvider
		SccProjectUniqueName11 = Modules\\Search\\BExIS.Search.Providers.LuceneProvider\\BExIS.Search.Providers.LuceneProvider.csproj
		SccProjectTopLevelParentUniqueName11 = BExIS++.sln
		SccProjectName11 = Modules/Search/BExIS.Search.Providers.LuceneProvider
		SccLocalPath11 = Modules\\Search\\BExIS.Search.Providers.LuceneProvider
		SccProjectUniqueName12 = Modules\\Collect\\BExIS.Collect.Transform.Input\\BExIS.DCM.Transform.Input.csproj
		SccProjectTopLevelParentUniqueName12 = BExIS++.sln
		SccProjectName12 = Modules/Collect/BExIS.Collect.Transform.Input
		SccLocalPath12 = Modules\\Collect\\BExIS.Collect.Transform.Input
		SccProjectUniqueName13 = Modules\\Collect\\BExIS.Collect.Transform.Validation\\BExIS.DCM.Transform.Validation.csproj
		SccProjectTopLevelParentUniqueName13 = BExIS++.sln
		SccProjectName13 = Modules/Collect/BExIS.Collect.Transform.Validation
		SccLocalPath13 = Modules\\Collect\\BExIS.Collect.Transform.Validation
		SccProjectUniqueName14 = Modules\\RPM\\BExIS.RPM.Model\\BExIS.RPM.Model.csproj
		SccProjectTopLevelParentUniqueName14 = BExIS++.sln
		SccProjectName14 = Modules/RPM/BExIS.RPM.Model
		SccLocalPath14 = Modules\\RPM\\BExIS.RPM.Model
		SccProjectUniqueName15 = Modules\\RPM\\BExIS.RPM.Output\\BExIS.RPM.Output.csproj
		SccProjectTopLevelParentUniqueName15 = BExIS++.sln
		SccProjectName15 = Modules/RPM/BExIS.RPM.Output
		SccLocalPath15 = Modules\\RPM\\BExIS.RPM.Output
		SccProjectUniqueName16 = Modules\\Collect\\BExIS.DCM.UploadWizard\\BExIS.DCM.UploadWizard.csproj
		SccProjectTopLevelParentUniqueName16 = BExIS++.sln
		SccProjectName16 = Modules/Collect/BExIS.DCM.UploadWizard
		SccLocalPath16 = Modules\\Collect\\BExIS.DCM.UploadWizard
		SccProjectUniqueName17 = Components\\EXT\\BExIS.Ext.Services\\BExIS.Ext.Services.csproj
		SccProjectTopLevelParentUniqueName17 = BExIS++.sln
		SccProjectName17 = Components/EXT/BExIS.Ext.Services
		SccLocalPath17 = Components\\EXT\\BExIS.Ext.Services
		SccProjectUniqueName18 = Modules\\Collect\\BExIS.DCM.Transform.Output\\BExIS.DCM.Transform.Output.csproj
		SccProjectTopLevelParentUniqueName18 = BExIS++.sln
		SccProjectName18 = Modules/Collect/BExIS.DCM.Transform.Output
		SccLocalPath18 = Modules\\Collect\\BExIS.DCM.Transform.Output
	EndGlobalSection
	GlobalSection(SolutionConfigurationPlatforms) = preSolution
		Debug|Any CPU = Debug|Any CPU
		Debug|Mixed Platforms = Debug|Mixed Platforms
		Debug|x86 = Debug|x86
		Release|Any CPU = Release|Any CPU
		Release|Mixed Platforms = Release|Mixed Platforms
		Release|x86 = Release|x86
	EndGlobalSection
	GlobalSection(ProjectConfigurationPlatforms) = postSolution
		{C230693B-D780-438B-B26C-82257642DD5C}.Debug|Any CPU.ActiveCfg = Debug|Any CPU
		{C230693B-D780-438B-B26C-82257642DD5C}.Debug|Any CPU.Build.0 = Debug|Any CPU
		{C230693B-D780-438B-B26C-82257642DD5C}.Debug|Mixed Platforms.ActiveCfg = Debug|Any CPU
		{C230693B-D780-438B-B26C-82257642DD5C}.Debug|Mixed Platforms.Build.0 = Debug|Any CPU
		{C230693B-D780-438B-B26C-82257642DD5C}.Debug|x86.ActiveCfg = Debug|Any CPU
		{C230693B-D780-438B-B26C-82257642DD5C}.Debug|x86.Build.0 = Debug|Any CPU
		{C230693B-D780-438B-B26C-82257642DD5C}.Release|Any CPU.ActiveCfg = Release|Any CPU
		{C230693B-D780-438B-B26C-82257642DD5C}.Release|Any CPU.Build.0 = Release|Any CPU
		{C230693B-D780-438B-B26C-82257642DD5C}.Release|Mixed Platforms.ActiveCfg = Release|Any CPU
		{C230693B-D780-438B-B26C-82257642DD5C}.Release|Mixed Platforms.Build.0 = Release|Any CPU
		{C230693B-D780-438B-B26C-82257642DD5C}.Release|x86.ActiveCfg = Release|Any CPU
		{C230693B-D780-438B-B26C-82257642DD5C}.Release|x86.Build.0 = Release|Any CPU
		{3D726430-CB41-4607-A615-CD48F510229B}.Debug|Any CPU.ActiveCfg = Debug|Any CPU
		{3D726430-CB41-4607-A615-CD48F510229B}.Debug|Any CPU.Build.0 = Debug|Any CPU
		{3D726430-CB41-4607-A615-CD48F510229B}.Debug|Mixed Platforms.ActiveCfg = Debug|Any CPU
		{3D726430-CB41-4607-A615-CD48F510229B}.Debug|Mixed Platforms.Build.0 = Debug|Any CPU
		{3D726430-CB41-4607-A615-CD48F510229B}.Debug|x86.ActiveCfg = Debug|Any CPU
		{3D726430-CB41-4607-A615-CD48F510229B}.Debug|x86.Build.0 = Debug|Any CPU
		{3D726430-CB41-4607-A615-CD48F510229B}.Release|Any CPU.ActiveCfg = Release|Any CPU
		{3D726430-CB41-4607-A615-CD48F510229B}.Release|Any CPU.Build.0 = Release|Any CPU
		{3D726430-CB41-4607-A615-CD48F510229B}.Release|Mixed Platforms.ActiveCfg = Release|Any CPU
		{3D726430-CB41-4607-A615-CD48F510229B}.Release|Mixed Platforms.Build.0 = Release|Any CPU
		{3D726430-CB41-4607-A615-CD48F510229B}.Release|x86.ActiveCfg = Release|Any CPU
		{3D726430-CB41-4607-A615-CD48F510229B}.Release|x86.Build.0 = Release|Any CPU
		{681C8BC4-55F0-4F43-A685-90E246A88CB1}.Debug|Any CPU.ActiveCfg = Debug|Any CPU
		{681C8BC4-55F0-4F43-A685-90E246A88CB1}.Debug|Any CPU.Build.0 = Debug|Any CPU
		{681C8BC4-55F0-4F43-A685-90E246A88CB1}.Debug|Mixed Platforms.ActiveCfg = Debug|Any CPU
		{681C8BC4-55F0-4F43-A685-90E246A88CB1}.Debug|Mixed Platforms.Build.0 = Debug|Any CPU
		{681C8BC4-55F0-4F43-A685-90E246A88CB1}.Debug|x86.ActiveCfg = Debug|Any CPU
		{681C8BC4-55F0-4F43-A685-90E246A88CB1}.Debug|x86.Build.0 = Debug|Any CPU
		{681C8BC4-55F0-4F43-A685-90E246A88CB1}.Release|Any CPU.ActiveCfg = Release|Any CPU
		{681C8BC4-55F0-4F43-A685-90E246A88CB1}.Release|Any CPU.Build.0 = Release|Any CPU
		{681C8BC4-55F0-4F43-A685-90E246A88CB1}.Release|Mixed Platforms.ActiveCfg = Release|Any CPU
		{681C8BC4-55F0-4F43-A685-90E246A88CB1}.Release|Mixed Platforms.Build.0 = Release|Any CPU
		{681C8BC4-55F0-4F43-A685-90E246A88CB1}.Release|x86.ActiveCfg = Release|Any CPU
		{681C8BC4-55F0-4F43-A685-90E246A88CB1}.Release|x86.Build.0 = Release|Any CPU
		{B4E7B1BF-01B4-40AF-8D19-B8F362167261}.Debug|Any CPU.ActiveCfg = Debug|Any CPU
		{B4E7B1BF-01B4-40AF-8D19-B8F362167261}.Debug|Any CPU.Build.0 = Debug|Any CPU
		{B4E7B1BF-01B4-40AF-8D19-B8F362167261}.Debug|Mixed Platforms.ActiveCfg = Debug|Any CPU
		{B4E7B1BF-01B4-40AF-8D19-B8F362167261}.Debug|Mixed Platforms.Build.0 = Debug|Any CPU
		{B4E7B1BF-01B4-40AF-8D19-B8F362167261}.Debug|x86.ActiveCfg = Debug|Any CPU
		{B4E7B1BF-01B4-40AF-8D19-B8F362167261}.Debug|x86.Build.0 = Debug|Any CPU
		{B4E7B1BF-01B4-40AF-8D19-B8F362167261}.Release|Any CPU.ActiveCfg = Release|Any CPU
		{B4E7B1BF-01B4-40AF-8D19-B8F362167261}.Release|Any CPU.Build.0 = Release|Any CPU
		{B4E7B1BF-01B4-40AF-8D19-B8F362167261}.Release|Mixed Platforms.ActiveCfg = Release|Any CPU
		{B4E7B1BF-01B4-40AF-8D19-B8F362167261}.Release|Mixed Platforms.Build.0 = Release|Any CPU
		{B4E7B1BF-01B4-40AF-8D19-B8F362167261}.Release|x86.ActiveCfg = Release|Any CPU
		{B4E7B1BF-01B4-40AF-8D19-B8F362167261}.Release|x86.Build.0 = Release|Any CPU
		{E234118C-1B89-493C-B17A-6990F6B98A9F}.Debug|Any CPU.ActiveCfg = Debug|Any CPU
		{E234118C-1B89-493C-B17A-6990F6B98A9F}.Debug|Any CPU.Build.0 = Debug|Any CPU
		{E234118C-1B89-493C-B17A-6990F6B98A9F}.Debug|Mixed Platforms.ActiveCfg = Debug|Any CPU
		{E234118C-1B89-493C-B17A-6990F6B98A9F}.Debug|Mixed Platforms.Build.0 = Debug|Any CPU
		{E234118C-1B89-493C-B17A-6990F6B98A9F}.Debug|x86.ActiveCfg = Debug|Any CPU
		{E234118C-1B89-493C-B17A-6990F6B98A9F}.Debug|x86.Build.0 = Debug|Any CPU
		{E234118C-1B89-493C-B17A-6990F6B98A9F}.Release|Any CPU.ActiveCfg = Release|Any CPU
		{E234118C-1B89-493C-B17A-6990F6B98A9F}.Release|Any CPU.Build.0 = Release|Any CPU
		{E234118C-1B89-493C-B17A-6990F6B98A9F}.Release|Mixed Platforms.ActiveCfg = Release|Any CPU
		{E234118C-1B89-493C-B17A-6990F6B98A9F}.Release|Mixed Platforms.Build.0 = Release|Any CPU
		{E234118C-1B89-493C-B17A-6990F6B98A9F}.Release|x86.ActiveCfg = Release|Any CPU
		{E234118C-1B89-493C-B17A-6990F6B98A9F}.Release|x86.Build.0 = Release|Any CPU
		{C4CA0A99-0AF3-4372-A9B7-B9073599BD8B}.Debug|Any CPU.ActiveCfg = Debug|Any CPU
		{C4CA0A99-0AF3-4372-A9B7-B9073599BD8B}.Debug|Any CPU.Build.0 = Debug|Any CPU
		{C4CA0A99-0AF3-4372-A9B7-B9073599BD8B}.Debug|Mixed Platforms.ActiveCfg = Debug|Any CPU
		{C4CA0A99-0AF3-4372-A9B7-B9073599BD8B}.Debug|Mixed Platforms.Build.0 = Debug|Any CPU
		{C4CA0A99-0AF3-4372-A9B7-B9073599BD8B}.Debug|x86.ActiveCfg = Debug|Any CPU
		{C4CA0A99-0AF3-4372-A9B7-B9073599BD8B}.Debug|x86.Build.0 = Debug|Any CPU
		{C4CA0A99-0AF3-4372-A9B7-B9073599BD8B}.Release|Any CPU.ActiveCfg = Release|Any CPU
		{C4CA0A99-0AF3-4372-A9B7-B9073599BD8B}.Release|Any CPU.Build.0 = Release|Any CPU
		{C4CA0A99-0AF3-4372-A9B7-B9073599BD8B}.Release|Mixed Platforms.ActiveCfg = Release|Any CPU
		{C4CA0A99-0AF3-4372-A9B7-B9073599BD8B}.Release|Mixed Platforms.Build.0 = Release|Any CPU
		{C4CA0A99-0AF3-4372-A9B7-B9073599BD8B}.Release|x86.ActiveCfg = Release|Any CPU
		{C4CA0A99-0AF3-4372-A9B7-B9073599BD8B}.Release|x86.Build.0 = Release|Any CPU
		{E5128814-4541-45C8-A9E6-6C91A7E3D1E2}.Debug|Any CPU.ActiveCfg = Debug|Any CPU
		{E5128814-4541-45C8-A9E6-6C91A7E3D1E2}.Debug|Any CPU.Build.0 = Debug|Any CPU
		{E5128814-4541-45C8-A9E6-6C91A7E3D1E2}.Debug|Mixed Platforms.ActiveCfg = Debug|Any CPU
		{E5128814-4541-45C8-A9E6-6C91A7E3D1E2}.Debug|Mixed Platforms.Build.0 = Debug|Any CPU
		{E5128814-4541-45C8-A9E6-6C91A7E3D1E2}.Debug|x86.ActiveCfg = Debug|Any CPU
		{E5128814-4541-45C8-A9E6-6C91A7E3D1E2}.Debug|x86.Build.0 = Debug|Any CPU
		{E5128814-4541-45C8-A9E6-6C91A7E3D1E2}.Release|Any CPU.ActiveCfg = Release|Any CPU
		{E5128814-4541-45C8-A9E6-6C91A7E3D1E2}.Release|Any CPU.Build.0 = Release|Any CPU
		{E5128814-4541-45C8-A9E6-6C91A7E3D1E2}.Release|Mixed Platforms.ActiveCfg = Release|Any CPU
		{E5128814-4541-45C8-A9E6-6C91A7E3D1E2}.Release|Mixed Platforms.Build.0 = Release|Any CPU
		{E5128814-4541-45C8-A9E6-6C91A7E3D1E2}.Release|x86.ActiveCfg = Release|Any CPU
		{E5128814-4541-45C8-A9E6-6C91A7E3D1E2}.Release|x86.Build.0 = Release|Any CPU
		{8519EAC6-FBF8-48B3-813F-E0B9D3CC4A52}.Debug|Any CPU.ActiveCfg = Debug|Any CPU
		{8519EAC6-FBF8-48B3-813F-E0B9D3CC4A52}.Debug|Any CPU.Build.0 = Debug|Any CPU
		{8519EAC6-FBF8-48B3-813F-E0B9D3CC4A52}.Debug|Mixed Platforms.ActiveCfg = Debug|Any CPU
		{8519EAC6-FBF8-48B3-813F-E0B9D3CC4A52}.Debug|Mixed Platforms.Build.0 = Debug|Any CPU
		{8519EAC6-FBF8-48B3-813F-E0B9D3CC4A52}.Debug|x86.ActiveCfg = Debug|Any CPU
		{8519EAC6-FBF8-48B3-813F-E0B9D3CC4A52}.Debug|x86.Build.0 = Debug|Any CPU
		{8519EAC6-FBF8-48B3-813F-E0B9D3CC4A52}.Release|Any CPU.ActiveCfg = Release|Any CPU
		{8519EAC6-FBF8-48B3-813F-E0B9D3CC4A52}.Release|Any CPU.Build.0 = Release|Any CPU
		{8519EAC6-FBF8-48B3-813F-E0B9D3CC4A52}.Release|Mixed Platforms.ActiveCfg = Release|Any CPU
		{8519EAC6-FBF8-48B3-813F-E0B9D3CC4A52}.Release|Mixed Platforms.Build.0 = Release|Any CPU
		{8519EAC6-FBF8-48B3-813F-E0B9D3CC4A52}.Release|x86.ActiveCfg = Release|Any CPU
		{8519EAC6-FBF8-48B3-813F-E0B9D3CC4A52}.Release|x86.Build.0 = Release|Any CPU
		{AB46BEB8-C36D-412F-9B1A-646C86299A87}.Debug|Any CPU.ActiveCfg = Debug|Any CPU
		{AB46BEB8-C36D-412F-9B1A-646C86299A87}.Debug|Any CPU.Build.0 = Debug|Any CPU
		{AB46BEB8-C36D-412F-9B1A-646C86299A87}.Debug|Mixed Platforms.ActiveCfg = Debug|Any CPU
		{AB46BEB8-C36D-412F-9B1A-646C86299A87}.Debug|Mixed Platforms.Build.0 = Debug|Any CPU
		{AB46BEB8-C36D-412F-9B1A-646C86299A87}.Debug|x86.ActiveCfg = Debug|Any CPU
		{AB46BEB8-C36D-412F-9B1A-646C86299A87}.Debug|x86.Build.0 = Debug|Any CPU
		{AB46BEB8-C36D-412F-9B1A-646C86299A87}.Release|Any CPU.ActiveCfg = Release|Any CPU
		{AB46BEB8-C36D-412F-9B1A-646C86299A87}.Release|Any CPU.Build.0 = Release|Any CPU
		{AB46BEB8-C36D-412F-9B1A-646C86299A87}.Release|Mixed Platforms.ActiveCfg = Release|Any CPU
		{AB46BEB8-C36D-412F-9B1A-646C86299A87}.Release|Mixed Platforms.Build.0 = Release|Any CPU
		{AB46BEB8-C36D-412F-9B1A-646C86299A87}.Release|x86.ActiveCfg = Release|Any CPU
		{AB46BEB8-C36D-412F-9B1A-646C86299A87}.Release|x86.Build.0 = Release|Any CPU
		{D89E501A-4873-4883-8741-27F0ACD03E0B}.Debug|Any CPU.ActiveCfg = Debug|Any CPU
		{D89E501A-4873-4883-8741-27F0ACD03E0B}.Debug|Any CPU.Build.0 = Debug|Any CPU
		{D89E501A-4873-4883-8741-27F0ACD03E0B}.Debug|Mixed Platforms.ActiveCfg = Debug|Any CPU
		{D89E501A-4873-4883-8741-27F0ACD03E0B}.Debug|Mixed Platforms.Build.0 = Debug|Any CPU
		{D89E501A-4873-4883-8741-27F0ACD03E0B}.Debug|x86.ActiveCfg = Debug|Any CPU
		{D89E501A-4873-4883-8741-27F0ACD03E0B}.Debug|x86.Build.0 = Debug|Any CPU
		{D89E501A-4873-4883-8741-27F0ACD03E0B}.Release|Any CPU.ActiveCfg = Release|Any CPU
		{D89E501A-4873-4883-8741-27F0ACD03E0B}.Release|Any CPU.Build.0 = Release|Any CPU
		{D89E501A-4873-4883-8741-27F0ACD03E0B}.Release|Mixed Platforms.ActiveCfg = Release|Any CPU
		{D89E501A-4873-4883-8741-27F0ACD03E0B}.Release|Mixed Platforms.Build.0 = Release|Any CPU
		{D89E501A-4873-4883-8741-27F0ACD03E0B}.Release|x86.ActiveCfg = Release|Any CPU
		{D89E501A-4873-4883-8741-27F0ACD03E0B}.Release|x86.Build.0 = Release|Any CPU
		{FBE3101A-791A-4EAB-9B8F-F6E071F8DBDC}.Debug|Any CPU.ActiveCfg = Debug|Any CPU
		{FBE3101A-791A-4EAB-9B8F-F6E071F8DBDC}.Debug|Any CPU.Build.0 = Debug|Any CPU
		{FBE3101A-791A-4EAB-9B8F-F6E071F8DBDC}.Debug|Mixed Platforms.ActiveCfg = Debug|Any CPU
		{FBE3101A-791A-4EAB-9B8F-F6E071F8DBDC}.Debug|Mixed Platforms.Build.0 = Debug|Any CPU
		{FBE3101A-791A-4EAB-9B8F-F6E071F8DBDC}.Debug|x86.ActiveCfg = Debug|Any CPU
		{FBE3101A-791A-4EAB-9B8F-F6E071F8DBDC}.Debug|x86.Build.0 = Debug|Any CPU
		{FBE3101A-791A-4EAB-9B8F-F6E071F8DBDC}.Release|Any CPU.ActiveCfg = Release|Any CPU
		{FBE3101A-791A-4EAB-9B8F-F6E071F8DBDC}.Release|Any CPU.Build.0 = Release|Any CPU
		{FBE3101A-791A-4EAB-9B8F-F6E071F8DBDC}.Release|Mixed Platforms.ActiveCfg = Release|Any CPU
		{FBE3101A-791A-4EAB-9B8F-F6E071F8DBDC}.Release|Mixed Platforms.Build.0 = Release|Any CPU
		{FBE3101A-791A-4EAB-9B8F-F6E071F8DBDC}.Release|x86.ActiveCfg = Release|Any CPU
		{FBE3101A-791A-4EAB-9B8F-F6E071F8DBDC}.Release|x86.Build.0 = Release|Any CPU
		{5C4C8570-A53B-4191-A414-DE028AAAF36A}.Debug|Any CPU.ActiveCfg = Debug|Any CPU
		{5C4C8570-A53B-4191-A414-DE028AAAF36A}.Debug|Any CPU.Build.0 = Debug|Any CPU
		{5C4C8570-A53B-4191-A414-DE028AAAF36A}.Debug|Mixed Platforms.ActiveCfg = Debug|Any CPU
		{5C4C8570-A53B-4191-A414-DE028AAAF36A}.Debug|Mixed Platforms.Build.0 = Debug|Any CPU
		{5C4C8570-A53B-4191-A414-DE028AAAF36A}.Debug|x86.ActiveCfg = Debug|Any CPU
		{5C4C8570-A53B-4191-A414-DE028AAAF36A}.Debug|x86.Build.0 = Debug|Any CPU
		{5C4C8570-A53B-4191-A414-DE028AAAF36A}.Release|Any CPU.ActiveCfg = Release|Any CPU
		{5C4C8570-A53B-4191-A414-DE028AAAF36A}.Release|Any CPU.Build.0 = Release|Any CPU
		{5C4C8570-A53B-4191-A414-DE028AAAF36A}.Release|Mixed Platforms.ActiveCfg = Release|Any CPU
		{5C4C8570-A53B-4191-A414-DE028AAAF36A}.Release|Mixed Platforms.Build.0 = Release|Any CPU
		{5C4C8570-A53B-4191-A414-DE028AAAF36A}.Release|x86.ActiveCfg = Release|Any CPU
		{5C4C8570-A53B-4191-A414-DE028AAAF36A}.Release|x86.Build.0 = Release|Any CPU
		{C8A05313-B960-406E-92EC-C1E5B3F47FCD}.Debug|Any CPU.ActiveCfg = Debug|Any CPU
		{C8A05313-B960-406E-92EC-C1E5B3F47FCD}.Debug|Any CPU.Build.0 = Debug|Any CPU
		{C8A05313-B960-406E-92EC-C1E5B3F47FCD}.Debug|Mixed Platforms.ActiveCfg = Debug|Any CPU
		{C8A05313-B960-406E-92EC-C1E5B3F47FCD}.Debug|Mixed Platforms.Build.0 = Debug|Any CPU
		{C8A05313-B960-406E-92EC-C1E5B3F47FCD}.Debug|x86.ActiveCfg = Debug|Any CPU
		{C8A05313-B960-406E-92EC-C1E5B3F47FCD}.Debug|x86.Build.0 = Debug|Any CPU
		{C8A05313-B960-406E-92EC-C1E5B3F47FCD}.Release|Any CPU.ActiveCfg = Release|Any CPU
		{C8A05313-B960-406E-92EC-C1E5B3F47FCD}.Release|Any CPU.Build.0 = Release|Any CPU
		{C8A05313-B960-406E-92EC-C1E5B3F47FCD}.Release|Mixed Platforms.ActiveCfg = Release|Any CPU
		{C8A05313-B960-406E-92EC-C1E5B3F47FCD}.Release|Mixed Platforms.Build.0 = Release|Any CPU
		{C8A05313-B960-406E-92EC-C1E5B3F47FCD}.Release|x86.ActiveCfg = Release|Any CPU
		{C8A05313-B960-406E-92EC-C1E5B3F47FCD}.Release|x86.Build.0 = Release|Any CPU
		{063B9E3F-E0DD-43FE-9910-5B1544B8B861}.Debug|Any CPU.ActiveCfg = Debug|Any CPU
		{063B9E3F-E0DD-43FE-9910-5B1544B8B861}.Debug|Any CPU.Build.0 = Debug|Any CPU
		{063B9E3F-E0DD-43FE-9910-5B1544B8B861}.Debug|Mixed Platforms.ActiveCfg = Debug|Any CPU
		{063B9E3F-E0DD-43FE-9910-5B1544B8B861}.Debug|Mixed Platforms.Build.0 = Debug|Any CPU
		{063B9E3F-E0DD-43FE-9910-5B1544B8B861}.Debug|x86.ActiveCfg = Debug|Any CPU
		{063B9E3F-E0DD-43FE-9910-5B1544B8B861}.Debug|x86.Build.0 = Debug|Any CPU
		{063B9E3F-E0DD-43FE-9910-5B1544B8B861}.Release|Any CPU.ActiveCfg = Release|Any CPU
		{063B9E3F-E0DD-43FE-9910-5B1544B8B861}.Release|Any CPU.Build.0 = Release|Any CPU
		{063B9E3F-E0DD-43FE-9910-5B1544B8B861}.Release|Mixed Platforms.ActiveCfg = Release|Any CPU
		{063B9E3F-E0DD-43FE-9910-5B1544B8B861}.Release|Mixed Platforms.Build.0 = Release|Any CPU
		{063B9E3F-E0DD-43FE-9910-5B1544B8B861}.Release|x86.ActiveCfg = Release|Any CPU
		{063B9E3F-E0DD-43FE-9910-5B1544B8B861}.Release|x86.Build.0 = Release|Any CPU
		{ABC877E0-E3DE-4472-A199-1728E88FA5A1}.Debug|Any CPU.ActiveCfg = Debug|Any CPU
		{ABC877E0-E3DE-4472-A199-1728E88FA5A1}.Debug|Any CPU.Build.0 = Debug|Any CPU
		{ABC877E0-E3DE-4472-A199-1728E88FA5A1}.Debug|Mixed Platforms.ActiveCfg = Debug|Any CPU
		{ABC877E0-E3DE-4472-A199-1728E88FA5A1}.Debug|Mixed Platforms.Build.0 = Debug|Any CPU
		{ABC877E0-E3DE-4472-A199-1728E88FA5A1}.Debug|x86.ActiveCfg = Debug|Any CPU
		{ABC877E0-E3DE-4472-A199-1728E88FA5A1}.Debug|x86.Build.0 = Debug|Any CPU
		{ABC877E0-E3DE-4472-A199-1728E88FA5A1}.Release|Any CPU.ActiveCfg = Release|Any CPU
		{ABC877E0-E3DE-4472-A199-1728E88FA5A1}.Release|Any CPU.Build.0 = Release|Any CPU
		{ABC877E0-E3DE-4472-A199-1728E88FA5A1}.Release|Mixed Platforms.ActiveCfg = Release|Any CPU
		{ABC877E0-E3DE-4472-A199-1728E88FA5A1}.Release|Mixed Platforms.Build.0 = Release|Any CPU
		{ABC877E0-E3DE-4472-A199-1728E88FA5A1}.Release|x86.ActiveCfg = Release|Any CPU
		{ABC877E0-E3DE-4472-A199-1728E88FA5A1}.Release|x86.Build.0 = Release|Any CPU
		{2C846721-A221-4AE5-A671-4B86DE4D3805}.Debug|Any CPU.ActiveCfg = Debug|Any CPU
		{2C846721-A221-4AE5-A671-4B86DE4D3805}.Debug|Any CPU.Build.0 = Debug|Any CPU
		{2C846721-A221-4AE5-A671-4B86DE4D3805}.Debug|Mixed Platforms.ActiveCfg = Debug|Any CPU
		{2C846721-A221-4AE5-A671-4B86DE4D3805}.Debug|Mixed Platforms.Build.0 = Debug|Any CPU
		{2C846721-A221-4AE5-A671-4B86DE4D3805}.Debug|x86.ActiveCfg = Debug|Any CPU
		{2C846721-A221-4AE5-A671-4B86DE4D3805}.Release|Any CPU.ActiveCfg = Release|Any CPU
		{2C846721-A221-4AE5-A671-4B86DE4D3805}.Release|Any CPU.Build.0 = Release|Any CPU
		{2C846721-A221-4AE5-A671-4B86DE4D3805}.Release|Mixed Platforms.ActiveCfg = Release|Any CPU
		{2C846721-A221-4AE5-A671-4B86DE4D3805}.Release|Mixed Platforms.Build.0 = Release|Any CPU
		{2C846721-A221-4AE5-A671-4B86DE4D3805}.Release|x86.ActiveCfg = Release|Any CPU
		{2C846721-A221-4AE5-A671-4B86DE4D3805}.Release|x86.Build.0 = Release|Any CPU
		{B906A66A-4A09-4207-B590-655EE111CCF1}.Debug|Any CPU.ActiveCfg = Debug|Any CPU
		{B906A66A-4A09-4207-B590-655EE111CCF1}.Debug|Any CPU.Build.0 = Debug|Any CPU
		{B906A66A-4A09-4207-B590-655EE111CCF1}.Debug|Mixed Platforms.ActiveCfg = Debug|Any CPU
		{B906A66A-4A09-4207-B590-655EE111CCF1}.Debug|Mixed Platforms.Build.0 = Debug|Any CPU
		{B906A66A-4A09-4207-B590-655EE111CCF1}.Debug|x86.ActiveCfg = Debug|Any CPU
		{B906A66A-4A09-4207-B590-655EE111CCF1}.Release|Any CPU.ActiveCfg = Release|Any CPU
		{B906A66A-4A09-4207-B590-655EE111CCF1}.Release|Any CPU.Build.0 = Release|Any CPU
		{B906A66A-4A09-4207-B590-655EE111CCF1}.Release|Mixed Platforms.ActiveCfg = Release|Any CPU
		{B906A66A-4A09-4207-B590-655EE111CCF1}.Release|Mixed Platforms.Build.0 = Release|Any CPU
		{B906A66A-4A09-4207-B590-655EE111CCF1}.Release|x86.ActiveCfg = Release|Any CPU
		{B906A66A-4A09-4207-B590-655EE111CCF1}.Release|x86.Build.0 = Release|Any CPU
		{455EC826-9A92-40FF-BD3B-388C288955CE}.Debug|Any CPU.ActiveCfg = Debug|Any CPU
		{455EC826-9A92-40FF-BD3B-388C288955CE}.Debug|Any CPU.Build.0 = Debug|Any CPU
		{455EC826-9A92-40FF-BD3B-388C288955CE}.Debug|Mixed Platforms.ActiveCfg = Debug|Any CPU
		{455EC826-9A92-40FF-BD3B-388C288955CE}.Debug|Mixed Platforms.Build.0 = Debug|Any CPU
		{455EC826-9A92-40FF-BD3B-388C288955CE}.Debug|x86.ActiveCfg = Debug|Any CPU
		{455EC826-9A92-40FF-BD3B-388C288955CE}.Release|Any CPU.ActiveCfg = Release|Any CPU
		{455EC826-9A92-40FF-BD3B-388C288955CE}.Release|Any CPU.Build.0 = Release|Any CPU
		{455EC826-9A92-40FF-BD3B-388C288955CE}.Release|Mixed Platforms.ActiveCfg = Release|Any CPU
		{455EC826-9A92-40FF-BD3B-388C288955CE}.Release|Mixed Platforms.Build.0 = Release|Any CPU
		{455EC826-9A92-40FF-BD3B-388C288955CE}.Release|x86.ActiveCfg = Release|Any CPU
		{455EC826-9A92-40FF-BD3B-388C288955CE}.Release|x86.Build.0 = Release|Any CPU
	EndGlobalSection
	GlobalSection(SolutionProperties) = preSolution
		HideSolutionNode = FALSE
	EndGlobalSection
	GlobalSection(NestedProjects) = preSolution
		{E5128814-4541-45C8-A9E6-6C91A7E3D1E2} = {A24A6801-2ECC-4F47-8284-8C93277D3030}
		{BE741C5B-87FD-4726-90CC-A17D462E6183} = {692AFF14-3A57-47D8-912F-093EC8F561C4}
		{6C18F986-A56C-4366-88A4-7046E8901929} = {692AFF14-3A57-47D8-912F-093EC8F561C4}
		{3FECE534-E021-47D1-8ABA-05A238D20A83} = {692AFF14-3A57-47D8-912F-093EC8F561C4}
		{DA678167-8931-43BA-940F-B5A3C90985BB} = {A753DD30-104E-48DB-A9D8-73C0DDE973E6}
		{946EB891-B5C8-4E03-B953-69583E886E57} = {A753DD30-104E-48DB-A9D8-73C0DDE973E6}
		{CD986786-CEA1-4C30-983E-169C33600BA6} = {A753DD30-104E-48DB-A9D8-73C0DDE973E6}
		{B4E7B1BF-01B4-40AF-8D19-B8F362167261} = {DA678167-8931-43BA-940F-B5A3C90985BB}
		{E234118C-1B89-493C-B17A-6990F6B98A9F} = {DA678167-8931-43BA-940F-B5A3C90985BB}
		{C4CA0A99-0AF3-4372-A9B7-B9073599BD8B} = {DA678167-8931-43BA-940F-B5A3C90985BB}
		{C230693B-D780-438B-B26C-82257642DD5C} = {946EB891-B5C8-4E03-B953-69583E886E57}
		{3D726430-CB41-4607-A615-CD48F510229B} = {946EB891-B5C8-4E03-B953-69583E886E57}
		{681C8BC4-55F0-4F43-A685-90E246A88CB1} = {946EB891-B5C8-4E03-B953-69583E886E57}
		{8519EAC6-FBF8-48B3-813F-E0B9D3CC4A52} = {BE741C5B-87FD-4726-90CC-A17D462E6183}
		{AB46BEB8-C36D-412F-9B1A-646C86299A87} = {BE741C5B-87FD-4726-90CC-A17D462E6183}
		{D89E501A-4873-4883-8741-27F0ACD03E0B} = {BE741C5B-87FD-4726-90CC-A17D462E6183}
		{FBE3101A-791A-4EAB-9B8F-F6E071F8DBDC} = {BE741C5B-87FD-4726-90CC-A17D462E6183}
		{5C4C8570-A53B-4191-A414-DE028AAAF36A} = {6C18F986-A56C-4366-88A4-7046E8901929}
		{C8A05313-B960-406E-92EC-C1E5B3F47FCD} = {6C18F986-A56C-4366-88A4-7046E8901929}
		{2C846721-A221-4AE5-A671-4B86DE4D3805} = {6C18F986-A56C-4366-88A4-7046E8901929}
		{455EC826-9A92-40FF-BD3B-388C288955CE} = {6C18F986-A56C-4366-88A4-7046E8901929}
		{063B9E3F-E0DD-43FE-9910-5B1544B8B861} = {3FECE534-E021-47D1-8ABA-05A238D20A83}
		{ABC877E0-E3DE-4472-A199-1728E88FA5A1} = {3FECE534-E021-47D1-8ABA-05A238D20A83}
		{B906A66A-4A09-4207-B590-655EE111CCF1} = {CD986786-CEA1-4C30-983E-169C33600BA6}
	EndGlobalSection
	GlobalSection(ExtensibilityGlobals) = postSolution
		EnterpriseLibraryConfigurationToolBinariesPath = packages\Unity.2.1.505.0\lib\NET35;packages\Unity.2.1.505.2\lib\NET35
	EndGlobalSection
	GlobalSection(SubversionScc) = preSolution
		Svn-Managed = True
		Manager = AnkhSVN - Subversion Support for Visual Studio
	EndGlobalSection
EndGlobal
